// !$*UTF8*$!
{
	archiveVersion = 1;
	classes = {
	};
	objectVersion = 77;
	objects = {

/* Begin PBXContainerItemProxy section */
		DB1076812EA3CCEC001CCB51 /* PBXContainerItemProxy */ = {
			isa = PBXContainerItemProxy;
			containerPortal = DB10766B2EA3CCEA001CCB51 /* Project object */;
			proxyType = 1;
			remoteGlobalIDString = DB1076722EA3CCEA001CCB51;
			remoteInfo = AuraFit;
		};
		DB10768B2EA3CCEC001CCB51 /* PBXContainerItemProxy */ = {
			isa = PBXContainerItemProxy;
			containerPortal = DB10766B2EA3CCEA001CCB51 /* Project object */;
			proxyType = 1;
			remoteGlobalIDString = DB1076722EA3CCEA001CCB51;
			remoteInfo = AuraFit;
		};
/* End PBXContainerItemProxy section */

/* Begin PBXFileReference section */
		DB1076732EA3CCEA001CCB51 /* AuraFit.app */ = {isa = PBXFileReference; explicitFileType = wrapper.application; includeInIndex = 0; path = AuraFit.app; sourceTree = BUILT_PRODUCTS_DIR; };
		DB1076802EA3CCEC001CCB51 /* AuraFitTests.xctest */ = {isa = PBXFileReference; explicitFileType = wrapper.cfbundle; includeInIndex = 0; path = AuraFitTests.xctest; sourceTree = BUILT_PRODUCTS_DIR; };
		DB10768A2EA3CCEC001CCB51 /* AuraFitUITests.xctest */ = {isa = PBXFileReference; explicitFileType = wrapper.cfbundle; includeInIndex = 0; path = AuraFitUITests.xctest; sourceTree = BUILT_PRODUCTS_DIR; };
/* End PBXFileReference section */

/* Begin PBXFileSystemSynchronizedRootGroup section */
		DB1076752EA3CCEA001CCB51 /* AuraFit */ = {
			isa = PBXFileSystemSynchronizedRootGroup;
			path = AuraFit;
			sourceTree = "<group>";
		};
		DB1076832EA3CCEC001CCB51 /* AuraFitTests */ = {
			isa = PBXFileSystemSynchronizedRootGroup;
			path = AuraFitTests;
			sourceTree = "<group>";
		};
		DB10768D2EA3CCEC001CCB51 /* AuraFitUITests */ = {
			isa = PBXFileSystemSynchronizedRootGroup;
			path = AuraFitUITests;
			sourceTree = "<group>";
		};
/* End PBXFileSystemSynchronizedRootGroup section */

/* Begin PBXFrameworksBuildPhase section */
		DB1076702EA3CCEA001CCB51 /* Frameworks */ = {
			isa = PBXFrameworksBuildPhase;
			buildActionMask = 2147483647;
			files = (
			);
			runOnlyForDeploymentPostprocessing = 0;
		};
		DB10767D2EA3CCEC001CCB51 /* Frameworks */ = {
			isa = PBXFrameworksBuildPhase;
			buildActionMask = 2147483647;
			files = (
			);
			runOnlyForDeploymentPostprocessing = 0;
		};
		DB1076872EA3CCEC001CCB51 /* Frameworks */ = {
			isa = PBXFrameworksBuildPhase;
			buildActionMask = 2147483647;
			files = (
			);
			runOnlyForDeploymentPostprocessing = 0;
		};
/* End PBXFrameworksBuildPhase section */

/* Begin PBXGroup section */
		DB10766A2EA3CCEA001CCB51 = {
			isa = PBXGroup;
			children = (
				DB1076752EA3CCEA001CCB51 /* AuraFit */,
				DB1076832EA3CCEC001CCB51 /* AuraFitTests */,
				DB10768D2EA3CCEC001CCB51 /* AuraFitUITests */,
				DB1076742EA3CCEA001CCB51 /* Products */,
			);
			sourceTree = "<group>";
		};
		DB1076742EA3CCEA001CCB51 /* Products */ = {
			isa = PBXGroup;
			children = (
				DB1076732EA3CCEA001CCB51 /* AuraFit.app */,
				DB1076802EA3CCEC001CCB51 /* AuraFitTests.xctest */,
				DB10768A2EA3CCEC001CCB51 /* AuraFitUITests.xctest */,
			);
			name = Products;
			sourceTree = "<group>";
		};
/* End PBXGroup section */

/* Begin PBXNativeTarget section */
		DB1076722EA3CCEA001CCB51 /* AuraFit */ = {
			isa = PBXNativeTarget;
			buildConfigurationList = DB1076942EA3CCEC001CCB51 /* Build configuration list for PBXNativeTarget "AuraFit" */;
			buildPhases = (
				DB10766F2EA3CCEA001CCB51 /* Sources */,
				DB1076702EA3CCEA001CCB51 /* Frameworks */,
				DB1076712EA3CCEA001CCB51 /* Resources */,
			);
			buildRules = (
			);
			dependencies = (
			);
			fileSystemSynchronizedGroups = (
				DB1076752EA3CCEA001CCB51 /* AuraFit */,
			);
			name = AuraFit;
			packageProductDependencies = (
			);
			productName = AuraFit;
			productReference = DB1076732EA3CCEA001CCB51 /* AuraFit.app */;
			productType = "com.apple.product-type.application";
		};
		DB10767F2EA3CCEC001CCB51 /* AuraFitTests */ = {
			isa = PBXNativeTarget;
			buildConfigurationList = DB1076972EA3CCEC001CCB51 /* Build configuration list for PBXNativeTarget "AuraFitTests" */;
			buildPhases = (
				DB10767C2EA3CCEC001CCB51 /* Sources */,
				DB10767D2EA3CCEC001CCB51 /* Frameworks */,
				DB10767E2EA3CCEC001CCB51 /* Resources */,
			);
			buildRules = (
			);
			dependencies = (
				DB1076822EA3CCEC001CCB51 /* PBXTargetDependency */,
			);
			fileSystemSynchronizedGroups = (
				DB1076832EA3CCEC001CCB51 /* AuraFitTests */,
			);
			name = AuraFitTests;
			packageProductDependencies = (
			);
			productName = AuraFitTests;
			productReference = DB1076802EA3CCEC001CCB51 /* AuraFitTests.xctest */;
			productType = "com.apple.product-type.bundle.unit-test";
		};
		DB1076892EA3CCEC001CCB51 /* AuraFitUITests */ = {
			isa = PBXNativeTarget;
			buildConfigurationList = DB10769A2EA3CCEC001CCB51 /* Build configuration list for PBXNativeTarget "AuraFitUITests" */;
			buildPhases = (
				DB1076862EA3CCEC001CCB51 /* Sources */,
				DB1076872EA3CCEC001CCB51 /* Frameworks */,
				DB1076882EA3CCEC001CCB51 /* Resources */,
			);
			buildRules = (
			);
			dependencies = (
				DB10768C2EA3CCEC001CCB51 /* PBXTargetDependency */,
			);
			fileSystemSynchronizedGroups = (
				DB10768D2EA3CCEC001CCB51 /* AuraFitUITests */,
			);
			name = AuraFitUITests;
			packageProductDependencies = (
			);
			productName = AuraFitUITests;
			productReference = DB10768A2EA3CCEC001CCB51 /* AuraFitUITests.xctest */;
			productType = "com.apple.product-type.bundle.ui-testing";
		};
/* End PBXNativeTarget section */

/* Begin PBXProject section */
		DB10766B2EA3CCEA001CCB51 /* Project object */ = {
			isa = PBXProject;
			attributes = {
				BuildIndependentTargetsInParallel = 1;
				LastSwiftUpdateCheck = 1630;
				LastUpgradeCheck = 1630;
				TargetAttributes = {
					DB1076722EA3CCEA001CCB51 = {
						CreatedOnToolsVersion = 16.3;
					};
					DB10767F2EA3CCEC001CCB51 = {
						CreatedOnToolsVersion = 16.3;
						TestTargetID = DB1076722EA3CCEA001CCB51;
					};
					DB1076892EA3CCEC001CCB51 = {
						CreatedOnToolsVersion = 16.3;
						TestTargetID = DB1076722EA3CCEA001CCB51;
					};
				};
			};
			buildConfigurationList = DB10766E2EA3CCEA001CCB51 /* Build configuration list for PBXProject "AuraFit" */;
			developmentRegion = en;
			hasScannedForEncodings = 0;
			knownRegions = (
				en,
				Base,
			);
			mainGroup = DB10766A2EA3CCEA001CCB51;
			minimizedProjectReferenceProxies = 1;
			preferredProjectObjectVersion = 77;
			productRefGroup = DB1076742EA3CCEA001CCB51 /* Products */;
			projectDirPath = "";
			projectRoot = "";
			targets = (
				DB1076722EA3CCEA001CCB51 /* AuraFit */,
				DB10767F2EA3CCEC001CCB51 /* AuraFitTests */,
				DB1076892EA3CCEC001CCB51 /* AuraFitUITests */,
			);
		};
/* End PBXProject section */

/* Begin PBXResourcesBuildPhase section */
		DB1076712EA3CCEA001CCB51 /* Resources */ = {
			isa = PBXResourcesBuildPhase;
			buildActionMask = 2147483647;
			files = (
			);
			runOnlyForDeploymentPostprocessing = 0;
		};
		DB10767E2EA3CCEC001CCB51 /* Resources */ = {
			isa = PBXResourcesBuildPhase;
			buildActionMask = 2147483647;
			files = (
			);
			runOnlyForDeploymentPostprocessing = 0;
		};
		DB1076882EA3CCEC001CCB51 /* Resources */ = {
			isa = PBXResourcesBuildPhase;
			buildActionMask = 2147483647;
			files = (
			);
			runOnlyForDeploymentPostprocessing = 0;
		};
/* End PBXResourcesBuildPhase section */

/* Begin PBXSourcesBuildPhase section */
		DB10766F2EA3CCEA001CCB51 /* Sources */ = {
			isa = PBXSourcesBuildPhase;
			buildActionMask = 2147483647;
			files = (
			);
			runOnlyForDeploymentPostprocessing = 0;
		};
		DB10767C2EA3CCEC001CCB51 /* Sources */ = {
			isa = PBXSourcesBuildPhase;
			buildActionMask = 2147483647;
			files = (
			);
			runOnlyForDeploymentPostprocessing = 0;
		};
		DB1076862EA3CCEC001CCB51 /* Sources */ = {
			isa = PBXSourcesBuildPhase;
			buildActionMask = 2147483647;
			files = (
			);
			runOnlyForDeploymentPostprocessing = 0;
		};
/* End PBXSourcesBuildPhase section */

/* Begin PBXTargetDependency section */
		DB1076822EA3CCEC001CCB51 /* PBXTargetDependency */ = {
			isa = PBXTargetDependency;
			target = DB1076722EA3CCEA001CCB51 /* AuraFit */;
			targetProxy = DB1076812EA3CCEC001CCB51 /* PBXContainerItemProxy */;
		};
		DB10768C2EA3CCEC001CCB51 /* PBXTargetDependency */ = {
			isa = PBXTargetDependency;
			target = DB1076722EA3CCEA001CCB51 /* AuraFit */;
			targetProxy = DB10768B2EA3CCEC001CCB51 /* PBXContainerItemProxy */;
		};
/* End PBXTargetDependency section */

/* Begin XCBuildConfiguration section */
		DB1076922EA3CCEC001CCB51 /* Debug */ = {
			isa = XCBuildConfiguration;
			buildSettings = {
				ALWAYS_SEARCH_USER_PATHS = NO;
				ASSETCATALOG_COMPILER_GENERATE_SWIFT_ASSET_SYMBOL_EXTENSIONS = YES;
				CLANG_ANALYZER_NONNULL = YES;
				CLANG_ANALYZER_NUMBER_OBJECT_CONVERSION = YES_AGGRESSIVE;
				CLANG_CXX_LANGUAGE_STANDARD = "gnu++20";
				CLANG_ENABLE_MODULES = YES;
				CLANG_ENABLE_OBJC_ARC = YES;
				CLANG_ENABLE_OBJC_WEAK = YES;
				CLANG_WARN_BLOCK_CAPTURE_AUTORELEASING = YES;
				CLANG_WARN_BOOL_CONVERSION = YES;
				CLANG_WARN_COMMA = YES;
				CLANG_WARN_CONSTANT_CONVERSION = YES;
				CLANG_WARN_DEPRECATED_OBJC_IMPLEMENTATIONS = YES;
				CLANG_WARN_DIRECT_OBJC_ISA_USAGE = YES_ERROR;
				CLANG_WARN_DOCUMENTATION_COMMENTS = YES;
				CLANG_WARN_EMPTY_BODY = YES;
				CLANG_WARN_ENUM_CONVERSION = YES;
				CLANG_WARN_INFINITE_RECURSION = YES;
				CLANG_WARN_INT_CONVERSION = YES;
				CLANG_WARN_NON_LITERAL_NULL_CONVERSION = YES;
				CLANG_WARN_OBJC_IMPLICIT_RETAIN_SELF = YES;
				CLANG_WARN_OBJC_LITERAL_CONVERSION = YES;
				CLANG_WARN_OBJC_ROOT_CLASS = YES_ERROR;
				CLANG_WARN_QUOTED_INCLUDE_IN_FRAMEWORK_HEADER = YES;
				CLANG_WARN_RANGE_LOOP_ANALYSIS = YES;
				CLANG_WARN_STRICT_PROTOTYPES = YES;
				CLANG_WARN_SUSPICIOUS_MOVE = YES;
				CLANG_WARN_UNGUARDED_AVAILABILITY = YES_AGGRESSIVE;
				CLANG_WARN_UNREACHABLE_CODE = YES;
				CLANG_WARN__DUPLICATE_METHOD_MATCH = YES;
				COPY_PHASE_STRIP = NO;
				DEBUG_INFORMATION_FORMAT = dwarf;
				ENABLE_STRICT_OBJC_MSGSEND = YES;
				ENABLE_TESTABILITY = YES;
				ENABLE_USER_SCRIPT_SANDBOXING = YES;
				GCC_C_LANGUAGE_STANDARD = gnu17;
				GCC_DYNAMIC_NO_PIC = NO;
				GCC_NO_COMMON_BLOCKS = YES;
				GCC_OPTIMIZATION_LEVEL = 0;
				GCC_PREPROCESSOR_DEFINITIONS = (
					"DEBUG=1",
					"$(inherited)",
				);
				GCC_WARN_64_TO_32_BIT_CONVERSION = YES;
				GCC_WARN_ABOUT_RETURN_TYPE = YES_ERROR;
				GCC_WARN_UNDECLARED_SELECTOR = YES;
				GCC_WARN_UNINITIALIZED_AUTOS = YES_AGGRESSIVE;
				GCC_WARN_UNUSED_FUNCTION = YES;
				GCC_WARN_UNUSED_VARIABLE = YES;
				IPHONEOS_DEPLOYMENT_TARGET = 18.4;
				LOCALIZATION_PREFERS_STRING_CATALOGS = YES;
				MTL_ENABLE_DEBUG_INFO = INCLUDE_SOURCE;
				MTL_FAST_MATH = YES;
				ONLY_ACTIVE_ARCH = YES;
				SDKROOT = iphoneos;
				SWIFT_ACTIVE_COMPILATION_CONDITIONS = "DEBUG $(inherited)";
				SWIFT_OPTIMIZATION_LEVEL = "-Onone";
			};
			name = Debug;
		};
		DB1076932EA3CCEC001CCB51 /* Release */ = {
			isa = XCBuildConfiguration;
			buildSettings = {
				ALWAYS_SEARCH_USER_PATHS = NO;
				ASSETCATALOG_COMPILER_GENERATE_SWIFT_ASSET_SYMBOL_EXTENSIONS = YES;
				CLANG_ANALYZER_NONNULL = YES;
				CLANG_ANALYZER_NUMBER_OBJECT_CONVERSION = YES_AGGRESSIVE;
				CLANG_CXX_LANGUAGE_STANDARD = "gnu++20";
				CLANG_ENABLE_MODULES = YES;
				CLANG_ENABLE_OBJC_ARC = YES;
				CLANG_ENABLE_OBJC_WEAK = YES;
				CLANG_WARN_BLOCK_CAPTURE_AUTORELEASING = YES;
				CLANG_WARN_BOOL_CONVERSION = YES;
				CLANG_WARN_COMMA = YES;
				CLANG_WARN_CONSTANT_CONVERSION = YES;
				CLANG_WARN_DEPRECATED_OBJC_IMPLEMENTATIONS = YES;
				CLANG_WARN_DIRECT_OBJC_ISA_USAGE = YES_ERROR;
				CLANG_WARN_DOCUMENTATION_COMMENTS = YES;
				CLANG_WARN_EMPTY_BODY = YES;
				CLANG_WARN_ENUM_CONVERSION = YES;
				CLANG_WARN_INFINITE_RECURSION = YES;
				CLANG_WARN_INT_CONVERSION = YES;
				CLANG_WARN_NON_LITERAL_NULL_CONVERSION = YES;
				CLANG_WARN_OBJC_IMPLICIT_RETAIN_SELF = YES;
				CLANG_WARN_OBJC_LITERAL_CONVERSION = YES;
				CLANG_WARN_OBJC_ROOT_CLASS = YES_ERROR;
				CLANG_WARN_QUOTED_INCLUDE_IN_FRAMEWORK_HEADER = YES;
				CLANG_WARN_RANGE_LOOP_ANALYSIS = YES;
				CLANG_WARN_STRICT_PROTOTYPES = YES;
				CLANG_WARN_SUSPICIOUS_MOVE = YES;
				CLANG_WARN_UNGUARDED_AVAILABILITY = YES_AGGRESSIVE;
				CLANG_WARN_UNREACHABLE_CODE = YES;
				CLANG_WARN__DUPLICATE_METHOD_MATCH = YES;
				COPY_PHASE_STRIP = NO;
				DEBUG_INFORMATION_FORMAT = "dwarf-with-dsym";
				ENABLE_NS_ASSERTIONS = NO;
				ENABLE_STRICT_OBJC_MSGSEND = YES;
				ENABLE_USER_SCRIPT_SANDBOXING = YES;
				GCC_C_LANGUAGE_STANDARD = gnu17;
				GCC_NO_COMMON_BLOCKS = YES;
				GCC_WARN_64_TO_32_BIT_CONVERSION = YES;
				GCC_WARN_ABOUT_RETURN_TYPE = YES_ERROR;
				GCC_WARN_UNDECLARED_SELECTOR = YES;
				GCC_WARN_UNINITIALIZED_AUTOS = YES_AGGRESSIVE;
				GCC_WARN_UNUSED_FUNCTION = YES;
				GCC_WARN_UNUSED_VARIABLE = YES;
				IPHONEOS_DEPLOYMENT_TARGET = 18.4;
				LOCALIZATION_PREFERS_STRING_CATALOGS = YES;
				MTL_ENABLE_DEBUG_INFO = NO;
				MTL_FAST_MATH = YES;
				SDKROOT = iphoneos;
				SWIFT_COMPILATION_MODE = wholemodule;
				VALIDATE_PRODUCT = YES;
			};
			name = Release;
		};
		DB1076952EA3CCEC001CCB51 /* Debug */ = {
			isa = XCBuildConfiguration;
			buildSettings = {
				ASSETCATALOG_COMPILER_APPICON_NAME = AppIcon;
				ASSETCATALOG_COMPILER_GLOBAL_ACCENT_COLOR_NAME = AccentColor;
				CODE_SIGN_ENTITLEMENTS = AuraFit/AuraFit.entitlements;
				CODE_SIGN_STYLE = Automatic;
				CURRENT_PROJECT_VERSION = 1;
				DEVELOPMENT_TEAM = 87N8958N6K;
				ENABLE_PREVIEWS = YES;
				GENERATE_INFOPLIST_FILE = YES;
				INFOPLIST_KEY_NSCameraUsageDescription = "Aurafit uses the camera to help Ai coach to correct the form ";
				INFOPLIST_KEY_NSHealthShareUsageDescription = "This app needs access to your health data (workouts, calories, exercise minutes) to show fitness progress.\n";
				INFOPLIST_KEY_NSHealthUpdateUsageDescription = "This app needs permission to update health data.\n";
				INFOPLIST_KEY_UIApplicationSceneManifest_Generation = YES;
				INFOPLIST_KEY_UIApplicationSupportsIndirectInputEvents = YES;
				INFOPLIST_KEY_UILaunchScreen_Generation = YES;
				INFOPLIST_KEY_UISupportedInterfaceOrientations_iPad = "UIInterfaceOrientationPortrait UIInterfaceOrientationPortraitUpsideDown UIInterfaceOrientationLandscapeLeft UIInterfaceOrientationLandscapeRight";
				INFOPLIST_KEY_UISupportedInterfaceOrientations_iPhone = "UIInterfaceOrientationPortrait UIInterfaceOrientationLandscapeLeft UIInterfaceOrientationLandscapeRight";
				LD_RUNPATH_SEARCH_PATHS = (
					"$(inherited)",
					"@executable_path/Frameworks",
				);
				MARKETING_VERSION = 1.0;
				PRODUCT_BUNDLE_IDENTIFIER = com.Abhi.FaceMark.AuraFit;
				PRODUCT_NAME = "$(TARGET_NAME)";
				SWIFT_EMIT_LOC_STRINGS = YES;
				SWIFT_VERSION = 5.0;
				TARGETED_DEVICE_FAMILY = "1,2";
			};
			name = Debug;
		};
		DB1076962EA3CCEC001CCB51 /* Release */ = {
			isa = XCBuildConfiguration;
			buildSettings = {
				ASSETCATALOG_COMPILER_APPICON_NAME = AppIcon;
				ASSETCATALOG_COMPILER_GLOBAL_ACCENT_COLOR_NAME = AccentColor;
				CODE_SIGN_ENTITLEMENTS = AuraFit/AuraFit.entitlements;
				CODE_SIGN_STYLE = Automatic;
				CURRENT_PROJECT_VERSION = 1;
				DEVELOPMENT_TEAM = 87N8958N6K;
				ENABLE_PREVIEWS = YES;
				GENERATE_INFOPLIST_FILE = YES;
				INFOPLIST_KEY_NSCameraUsageDescription = "Aurafit uses the camera to help Ai coach to correct the form ";
				INFOPLIST_KEY_NSHealthShareUsageDescription = "This app needs access to your health data (workouts, calories, exercise minutes) to show fitness progress.\n";
				INFOPLIST_KEY_NSHealthUpdateUsageDescription = "This app needs permission to update health data.\n";
				INFOPLIST_KEY_UIApplicationSceneManifest_Generation = YES;
				INFOPLIST_KEY_UIApplicationSupportsIndirectInputEvents = YES;
				INFOPLIST_KEY_UILaunchScreen_Generation = YES;
				INFOPLIST_KEY_UISupportedInterfaceOrientations_iPad = "UIInterfaceOrientationPortrait UIInterfaceOrientationPortraitUpsideDown UIInterfaceOrientationLandscapeLeft UIInterfaceOrientationLandscapeRight";
				INFOPLIST_KEY_UISupportedInterfaceOrientations_iPhone = "UIInterfaceOrientationPortrait UIInterfaceOrientationLandscapeLeft UIInterfaceOrientationLandscapeRight";
				LD_RUNPATH_SEARCH_PATHS = (
					"$(inherited)",
					"@executable_path/Frameworks",
				);
				MARKETING_VERSION = 1.0;
				PRODUCT_BUNDLE_IDENTIFIER = com.Abhi.FaceMark.AuraFit;
				PRODUCT_NAME = "$(TARGET_NAME)";
				SWIFT_EMIT_LOC_STRINGS = YES;
				SWIFT_VERSION = 5.0;
				TARGETED_DEVICE_FAMILY = "1,2";
			};
			name = Release;
		};
		DB1076982EA3CCEC001CCB51 /* Debug */ = {
			isa = XCBuildConfiguration;
			buildSettings = {
				BUNDLE_LOADER = "$(TEST_HOST)";
				CODE_SIGN_STYLE = Automatic;
				CURRENT_PROJECT_VERSION = 1;
				GENERATE_INFOPLIST_FILE = YES;
				IPHONEOS_DEPLOYMENT_TARGET = 18.4;
				MARKETING_VERSION = 1.0;
				PRODUCT_BUNDLE_IDENTIFIER = com.Abhi.FaceMark.AuraFitTests;
				PRODUCT_NAME = "$(TARGET_NAME)";
				SWIFT_EMIT_LOC_STRINGS = NO;
				SWIFT_VERSION = 5.0;
				TARGETED_DEVICE_FAMILY = "1,2";
				TEST_HOST = "$(BUILT_PRODUCTS_DIR)/AuraFit.app/$(BUNDLE_EXECUTABLE_FOLDER_PATH)/AuraFit";
			};
			name = Debug;
		};
		DB1076992EA3CCEC001CCB51 /* Release */ = {
			isa = XCBuildConfiguration;
			buildSettings = {
				BUNDLE_LOADER = "$(TEST_HOST)";
				CODE_SIGN_STYLE = Automatic;
				CURRENT_PROJECT_VERSION = 1;
				GENERATE_INFOPLIST_FILE = YES;
				IPHONEOS_DEPLOYMENT_TARGET = 18.4;
				MARKETING_VERSION = 1.0;
				PRODUCT_BUNDLE_IDENTIFIER = com.Abhi.FaceMark.AuraFitTests;
				PRODUCT_NAME = "$(TARGET_NAME)";
				SWIFT_EMIT_LOC_STRINGS = NO;
				SWIFT_VERSION = 5.0;
				TARGETED_DEVICE_FAMILY = "1,2";
				TEST_HOST = "$(BUILT_PRODUCTS_DIR)/AuraFit.app/$(BUNDLE_EXECUTABLE_FOLDER_PATH)/AuraFit";
			};
			name = Release;
		};
		DB10769B2EA3CCEC001CCB51 /* Debug */ = {
			isa = XCBuildConfiguration;
			buildSettings = {
				CODE_SIGN_STYLE = Automatic;
				CURRENT_PROJECT_VERSION = 1;
				GENERATE_INFOPLIST_FILE = YES;
				MARKETING_VERSION = 1.0;
				PRODUCT_BUNDLE_IDENTIFIER = com.Abhi.FaceMark.AuraFitUITests;
				PRODUCT_NAME = "$(TARGET_NAME)";
				SWIFT_EMIT_LOC_STRINGS = NO;
				SWIFT_VERSION = 5.0;
				TARGETED_DEVICE_FAMILY = "1,2";
				TEST_TARGET_NAME = AuraFit;
			};
			name = Debug;
		};
		DB10769C2EA3CCEC001CCB51 /* Release */ = {
			isa = XCBuildConfiguration;
			buildSettings = {
				CODE_SIGN_STYLE = Automatic;
				CURRENT_PROJECT_VERSION = 1;
				GENERATE_INFOPLIST_FILE = YES;
				MARKETING_VERSION = 1.0;
				PRODUCT_BUNDLE_IDENTIFIER = com.Abhi.FaceMark.AuraFitUITests;
				PRODUCT_NAME = "$(TARGET_NAME)";
				SWIFT_EMIT_LOC_STRINGS = NO;
				SWIFT_VERSION = 5.0;
				TARGETED_DEVICE_FAMILY = "1,2";
				TEST_TARGET_NAME = AuraFit;
			};
			name = Release;
		};
/* End XCBuildConfiguration section */

/* Begin XCConfigurationList section */
		DB10766E2EA3CCEA001CCB51 /* Build configuration list for PBXProject "AuraFit" */ = {
			isa = XCConfigurationList;
			buildConfigurations = (
				DB1076922EA3CCEC001CCB51 /* Debug */,
				DB1076932EA3CCEC001CCB51 /* Release */,
			);
			defaultConfigurationIsVisible = 0;
			defaultConfigurationName = Release;
		};
		DB1076942EA3CCEC001CCB51 /* Build configuration list for PBXNativeTarget "AuraFit" */ = {
			isa = XCConfigurationList;
			buildConfigurations = (
				DB1076952EA3CCEC001CCB51 /* Debug */,
				DB1076962EA3CCEC001CCB51 /* Release */,
			);
			defaultConfigurationIsVisible = 0;
			defaultConfigurationName = Release;
		};
		DB1076972EA3CCEC001CCB51 /* Build configuration list for PBXNativeTarget "AuraFitTests" */ = {
			isa = XCConfigurationList;
			buildConfigurations = (
				DB1076982EA3CCEC001CCB51 /* Debug */,
				DB1076992EA3CCEC001CCB51 /* Release */,
			);
			defaultConfigurationIsVisible = 0;
			defaultConfigurationName = Release;
		};
		DB10769A2EA3CCEC001CCB51 /* Build configuration list for PBXNativeTarget "AuraFitUITests" */ = {
			isa = XCConfigurationList;
			buildConfigurations = (
				DB10769B2EA3CCEC001CCB51 /* Debug */,
				DB10769C2EA3CCEC001CCB51 /* Release */,
			);
			defaultConfigurationIsVisible = 0;
			defaultConfigurationName = Release;
		};
/* End XCConfigurationList section */
	};
	rootObject = DB10766B2EA3CCEA001CCB51 /* Project object */;
}
